
Microsoft Visual Studio Solution File, Format Version 12.00
# Visual Studio Version 17
VisualStudioVersion = 17.0.31912.275
MinimumVisualStudioVersion = 10.0.40219.1
Project("{9A19103F-16F7-4668-BE54-9A1E7A4F7556}") = "YRM.IdentityServer.Web", "YRM.IdentityServer.Web\YRM.IdentityServer.Web.csproj", "{601B57A5-A1D0-4150-A312-319F46D48AE1}"
EndProject
Project("{2150E333-8FDC-42A3-9474-1A3956D46DE8}") = "Authorize", "Authorize", "{614D3A19-7BC2-4BBE-8BD8-09D35550D1B1}"
EndProject
Project("{2150E333-8FDC-42A3-9474-1A3956D46DE8}") = "UserManager", "UserManager", "{C049A268-9E9B-40C1-8D76-A0EE989CFA07}"
EndProject
Project("{9A19103F-16F7-4668-BE54-9A1E7A4F7556}") = "YRM.UserManager.Function", "YRM.UserManager.Function\YRM.UserManager.Function.csproj", "{7CC4DB80-05C3-4ECF-AF53-FAF1DF8DD3DC}"
EndProject
Project("{2150E333-8FDC-42A3-9474-1A3956D46DE8}") = "Infrastructure", "Infrastructure", "{88F9B797-44FB-4DB0-A176-09C8A9292CA6}"
EndProject
Project("{9A19103F-16F7-4668-BE54-9A1E7A4F7556}") = "YRM.Infrastructure", "YRM.Infrastructure\YRM.Infrastructure.csproj", "{F0A7EA50-4965-4F53-84E5-8FEB4EB10595}"
EndProject
Project("{2150E333-8FDC-42A3-9474-1A3956D46DE8}") = "Data", "Data", "{99DCC7A3-6B50-48CD-9F06-42004C89DCE9}"
EndProject
Project("{2150E333-8FDC-42A3-9474-1A3956D46DE8}") = "Domain", "Domain", "{F9A1185E-F9F9-4F13-816D-F60E30A5103B}"
EndProject
Project("{9A19103F-16F7-4668-BE54-9A1E7A4F7556}") = "YRM.Domain", "YRM.Domain\YRM.Domain.csproj", "{0FD86608-7745-4C00-A008-8CD809D0905D}"
EndProject
Project("{2150E333-8FDC-42A3-9474-1A3956D46DE8}") = "Migrations", "Migrations", "{D4F9620D-5E6C-4DFA-861F-3714FF0A63F4}"
EndProject
Project("{9A19103F-16F7-4668-BE54-9A1E7A4F7556}") = "YRM.Migrations", "YRM.Migrations\YRM.Migrations.csproj", "{A5FB1A05-1259-47C9-AC6A-D92D085BDE47}"
EndProject
Project("{2150E333-8FDC-42A3-9474-1A3956D46DE8}") = "ASP", "ASP", "{A172FE65-584E-46D2-BFCE-31E079E7F21E}"
EndProject
Project("{9A19103F-16F7-4668-BE54-9A1E7A4F7556}") = "YRM.ASPIdentity.Application", "YRM.ASPIdentity.Application\YRM.ASPIdentity.Application.csproj", "{61A3DFEF-8A33-4A35-BB60-18FD238A36B9}"
EndProject
Project("{2150E333-8FDC-42A3-9474-1A3956D46DE8}") = "IdentityServer", "IdentityServer", "{C35FEE84-6195-4C6C-A219-C96849C1D766}"
EndProject
Project("{2150E333-8FDC-42A3-9474-1A3956D46DE8}") = "Sharred", "Sharred", "{8B3B22D9-6FA0-49E8-A754-A7B49BEA3D58}"
EndProject
Project("{9A19103F-16F7-4668-BE54-9A1E7A4F7556}") = "YRM.Common", "YRM.Common\YRM.Common.csproj", "{5B8BC834-D3E6-470E-ACB4-33634F1E7A0A}"
EndProject
Project("{FAE04EC0-301F-11D3-BF4B-00C04F79EFBC}") = "YRM.ASPIdentity.Web", "YRM.ASPIdentity.Web\YRM.ASPIdentity.Web.csproj", "{31702603-3440-421D-AFC8-26CB6D257338}"
EndProject
Project("{FAE04EC0-301F-11D3-BF4B-00C04F79EFBC}") = "YRM.ASPIdentity.Client.Web", "YRM.ASPIdentity.Client.Web\YRM.ASPIdentity.Client.Web.csproj", "{11D7234E-5AEC-423C-AE4D-8ADE6416F6EF}"
EndProject
Global
	GlobalSection(SolutionConfigurationPlatforms) = preSolution
		Debug|Any CPU = Debug|Any CPU
		Release|Any CPU = Release|Any CPU
	EndGlobalSection
	GlobalSection(ProjectConfigurationPlatforms) = postSolution
		{601B57A5-A1D0-4150-A312-319F46D48AE1}.Debug|Any CPU.ActiveCfg = Debug|Any CPU
		{601B57A5-A1D0-4150-A312-319F46D48AE1}.Debug|Any CPU.Build.0 = Debug|Any CPU
		{601B57A5-A1D0-4150-A312-319F46D48AE1}.Release|Any CPU.ActiveCfg = Release|Any CPU
		{601B57A5-A1D0-4150-A312-319F46D48AE1}.Release|Any CPU.Build.0 = Release|Any CPU
		{7CC4DB80-05C3-4ECF-AF53-FAF1DF8DD3DC}.Debug|Any CPU.ActiveCfg = Debug|Any CPU
		{7CC4DB80-05C3-4ECF-AF53-FAF1DF8DD3DC}.Debug|Any CPU.Build.0 = Debug|Any CPU
		{7CC4DB80-05C3-4ECF-AF53-FAF1DF8DD3DC}.Release|Any CPU.ActiveCfg = Release|Any CPU
		{7CC4DB80-05C3-4ECF-AF53-FAF1DF8DD3DC}.Release|Any CPU.Build.0 = Release|Any CPU
		{F0A7EA50-4965-4F53-84E5-8FEB4EB10595}.Debug|Any CPU.ActiveCfg = Debug|Any CPU
		{F0A7EA50-4965-4F53-84E5-8FEB4EB10595}.Debug|Any CPU.Build.0 = Debug|Any CPU
		{F0A7EA50-4965-4F53-84E5-8FEB4EB10595}.Release|Any CPU.ActiveCfg = Release|Any CPU
		{F0A7EA50-4965-4F53-84E5-8FEB4EB10595}.Release|Any CPU.Build.0 = Release|Any CPU
		{0FD86608-7745-4C00-A008-8CD809D0905D}.Debug|Any CPU.ActiveCfg = Debug|Any CPU
		{0FD86608-7745-4C00-A008-8CD809D0905D}.Debug|Any CPU.Build.0 = Debug|Any CPU
		{0FD86608-7745-4C00-A008-8CD809D0905D}.Release|Any CPU.ActiveCfg = Release|Any CPU
		{0FD86608-7745-4C00-A008-8CD809D0905D}.Release|Any CPU.Build.0 = Release|Any CPU
		{A5FB1A05-1259-47C9-AC6A-D92D085BDE47}.Debug|Any CPU.ActiveCfg = Debug|Any CPU
		{A5FB1A05-1259-47C9-AC6A-D92D085BDE47}.Debug|Any CPU.Build.0 = Debug|Any CPU
		{A5FB1A05-1259-47C9-AC6A-D92D085BDE47}.Release|Any CPU.ActiveCfg = Release|Any CPU
		{A5FB1A05-1259-47C9-AC6A-D92D085BDE47}.Release|Any CPU.Build.0 = Release|Any CPU
		{61A3DFEF-8A33-4A35-BB60-18FD238A36B9}.Debug|Any CPU.ActiveCfg = Debug|Any CPU
		{61A3DFEF-8A33-4A35-BB60-18FD238A36B9}.Debug|Any CPU.Build.0 = Debug|Any CPU
		{61A3DFEF-8A33-4A35-BB60-18FD238A36B9}.Release|Any CPU.ActiveCfg = Release|Any CPU
		{61A3DFEF-8A33-4A35-BB60-18FD238A36B9}.Release|Any CPU.Build.0 = Release|Any CPU
		{5B8BC834-D3E6-470E-ACB4-33634F1E7A0A}.Debug|Any CPU.ActiveCfg = Debug|Any CPU
		{5B8BC834-D3E6-470E-ACB4-33634F1E7A0A}.Debug|Any CPU.Build.0 = Debug|Any CPU
		{5B8BC834-D3E6-470E-ACB4-33634F1E7A0A}.Release|Any CPU.ActiveCfg = Release|Any CPU
		{5B8BC834-D3E6-470E-ACB4-33634F1E7A0A}.Release|Any CPU.Build.0 = Release|Any CPU
		{31702603-3440-421D-AFC8-26CB6D257338}.Debug|Any CPU.ActiveCfg = Debug|Any CPU
		{31702603-3440-421D-AFC8-26CB6D257338}.Debug|Any CPU.Build.0 = Debug|Any CPU
		{31702603-3440-421D-AFC8-26CB6D257338}.Release|Any CPU.ActiveCfg = Release|Any CPU
		{31702603-3440-421D-AFC8-26CB6D257338}.Release|Any CPU.Build.0 = Release|Any CPU
		{11D7234E-5AEC-423C-AE4D-8ADE6416F6EF}.Debug|Any CPU.ActiveCfg = Debug|Any CPU
		{11D7234E-5AEC-423C-AE4D-8ADE6416F6EF}.Debug|Any CPU.Build.0 = Debug|Any CPU
		{11D7234E-5AEC-423C-AE4D-8ADE6416F6EF}.Release|Any CPU.ActiveCfg = Release|Any CPU
		{11D7234E-5AEC-423C-AE4D-8ADE6416F6EF}.Release|Any CPU.Build.0 = Release|Any CPU
	EndGlobalSection
	GlobalSection(SolutionProperties) = preSolution
		HideSolutionNode = FALSE
	EndGlobalSection
	GlobalSection(NestedProjects) = preSolution
		{601B57A5-A1D0-4150-A312-319F46D48AE1} = {C35FEE84-6195-4C6C-A219-C96849C1D766}
		{7CC4DB80-05C3-4ECF-AF53-FAF1DF8DD3DC} = {C049A268-9E9B-40C1-8D76-A0EE989CFA07}
		{88F9B797-44FB-4DB0-A176-09C8A9292CA6} = {99DCC7A3-6B50-48CD-9F06-42004C89DCE9}
		{F0A7EA50-4965-4F53-84E5-8FEB4EB10595} = {88F9B797-44FB-4DB0-A176-09C8A9292CA6}
		{F9A1185E-F9F9-4F13-816D-F60E30A5103B} = {99DCC7A3-6B50-48CD-9F06-42004C89DCE9}
		{0FD86608-7745-4C00-A008-8CD809D0905D} = {F9A1185E-F9F9-4F13-816D-F60E30A5103B}
		{D4F9620D-5E6C-4DFA-861F-3714FF0A63F4} = {99DCC7A3-6B50-48CD-9F06-42004C89DCE9}
		{A5FB1A05-1259-47C9-AC6A-D92D085BDE47} = {D4F9620D-5E6C-4DFA-861F-3714FF0A63F4}
		{A172FE65-584E-46D2-BFCE-31E079E7F21E} = {614D3A19-7BC2-4BBE-8BD8-09D35550D1B1}
		{61A3DFEF-8A33-4A35-BB60-18FD238A36B9} = {A172FE65-584E-46D2-BFCE-31E079E7F21E}
		{C35FEE84-6195-4C6C-A219-C96849C1D766} = {614D3A19-7BC2-4BBE-8BD8-09D35550D1B1}
		{5B8BC834-D3E6-470E-ACB4-33634F1E7A0A} = {8B3B22D9-6FA0-49E8-A754-A7B49BEA3D58}
		{31702603-3440-421D-AFC8-26CB6D257338} = {A172FE65-584E-46D2-BFCE-31E079E7F21E}
		{11D7234E-5AEC-423C-AE4D-8ADE6416F6EF} = {A172FE65-584E-46D2-BFCE-31E079E7F21E}
	EndGlobalSection
	GlobalSection(ExtensibilityGlobals) = postSolution
		SolutionGuid = {FA31EB61-D939-48DF-97C5-12DC41AB625C}
	EndGlobalSection
EndGlobal
